// !$*UTF8*$!
{
	archiveVersion = 1;
	classes = {
	};
	objectVersion = 46;
	objects = {

/* Begin PBXBuildFile section */
		1774423E8602EAB0930C025D /* Pods_SaisieMedTests.framework in Frameworks */ = {isa = PBXBuildFile; fileRef = 7CDA2817AB0040F470CEE1BC /* Pods_SaisieMedTests.framework */; };
		300BF7361D52A7D10038CDB2 /* dermatomes.png in Resources */ = {isa = PBXBuildFile; fileRef = 300BF7351D52A7D10038CDB2 /* dermatomes.png */; };
		300BF7381D534CAA0038CDB2 /* veines mb inf.png in Resources */ = {isa = PBXBuildFile; fileRef = 300BF7371D534CAA0038CDB2 /* veines mb inf.png */; };
		300BF73A1D5357B70038CDB2 /* pied.png in Resources */ = {isa = PBXBuildFile; fileRef = 300BF7391D5357B70038CDB2 /* pied.png */; };
		300BF73C1D538E2D0038CDB2 /* thorax.png in Resources */ = {isa = PBXBuildFile; fileRef = 300BF73B1D538E2D0038CDB2 /* thorax.png */; };
		300BF73E1D5608250038CDB2 /* cheville_ottawa.png in Resources */ = {isa = PBXBuildFile; fileRef = 300BF73D1D5608250038CDB2 /* cheville_ottawa.png */; };
		3015F3A51D36C90100A23BE0 /* filesTableViewController.swift in Sources */ = {isa = PBXBuildFile; fileRef = 3015F3A41D36C90100A23BE0 /* filesTableViewController.swift */; };
		3015F3A71D36C9D800A23BE0 /* imagefileTableViewCell.swift in Sources */ = {isa = PBXBuildFile; fileRef = 3015F3A61D36C9D800A23BE0 /* imagefileTableViewCell.swift */; };
		3015F3A91D36CB8C00A23BE0 /* patientFileTableViewCell.swift in Sources */ = {isa = PBXBuildFile; fileRef = 3015F3A81D36CB8C00A23BE0 /* patientFileTableViewCell.swift */; };
		301825F41D0EFFB400592CE9 /* administratif_icon.png in Resources */ = {isa = PBXBuildFile; fileRef = 301825F11D0EFFB400592CE9 /* administratif_icon.png */; };
		301825F51D0EFFB400592CE9 /* digestif_icon.png in Resources */ = {isa = PBXBuildFile; fileRef = 301825F21D0EFFB400592CE9 /* digestif_icon.png */; };
		301825F61D0EFFB400592CE9 /* tete_icon.png in Resources */ = {isa = PBXBuildFile; fileRef = 301825F31D0EFFB400592CE9 /* tete_icon.png */; };
		301825F81D0F005000592CE9 /* nurse_icon.png in Resources */ = {isa = PBXBuildFile; fileRef = 301825F71D0F005000592CE9 /* nurse_icon.png */; };
		301825FA1D0F009F00592CE9 /* os_icon.png in Resources */ = {isa = PBXBuildFile; fileRef = 301825F91D0F009F00592CE9 /* os_icon.png */; };
		301825FC1D0F057A00592CE9 /* questionOuiNonTableViewCell.swift in Sources */ = {isa = PBXBuildFile; fileRef = 301825FB1D0F057A00592CE9 /* questionOuiNonTableViewCell.swift */; };
		301825FE1D0F06E000592CE9 /* reponsecourteTableViewCell.swift in Sources */ = {isa = PBXBuildFile; fileRef = 301825FD1D0F06E000592CE9 /* reponsecourteTableViewCell.swift */; };
		301826001D0F085700592CE9 /* examensTableViewController.swift in Sources */ = {isa = PBXBuildFile; fileRef = 301825FF1D0F085700592CE9 /* examensTableViewController.swift */; };
		301826031D0F834500592CE9 /* pancarte_icon.png in Resources */ = {isa = PBXBuildFile; fileRef = 301826021D0F834500592CE9 /* pancarte_icon.png */; };
		301826051D10580000592CE9 /* rapportViewController.swift in Sources */ = {isa = PBXBuildFile; fileRef = 301826041D10580000592CE9 /* rapportViewController.swift */; };
		3018260E1D10ABAA00592CE9 /* rein_icon.png in Resources */ = {isa = PBXBuildFile; fileRef = 301826061D10ABA900592CE9 /* rein_icon.png */; };
		3018260F1D10ABAA00592CE9 /* medoc_icon.png in Resources */ = {isa = PBXBuildFile; fileRef = 301826071D10ABA900592CE9 /* medoc_icon.png */; };
		301826101D10ABAA00592CE9 /* nez_icon.png in Resources */ = {isa = PBXBuildFile; fileRef = 301826081D10ABA900592CE9 /* nez_icon.png */; };
		301826111D10ABAA00592CE9 /* oreille_icon.png in Resources */ = {isa = PBXBuildFile; fileRef = 301826091D10ABA900592CE9 /* oreille_icon.png */; };
		301826121D10ABAA00592CE9 /* pied_icon.png in Resources */ = {isa = PBXBuildFile; fileRef = 3018260A1D10ABA900592CE9 /* pied_icon.png */; };
		301826131D10ABAA00592CE9 /* main_icon.png in Resources */ = {isa = PBXBuildFile; fileRef = 3018260B1D10ABA900592CE9 /* main_icon.png */; };
		301826141D10ABAA00592CE9 /* gyneco_icon.png in Resources */ = {isa = PBXBuildFile; fileRef = 3018260C1D10ABA900592CE9 /* gyneco_icon.png */; };
		301826151D10ABAA00592CE9 /* uro_icon.png in Resources */ = {isa = PBXBuildFile; fileRef = 3018260D1D10ABA900592CE9 /* uro_icon.png */; };
		301C08651D25877200E79763 /* examenclinique.png in Resources */ = {isa = PBXBuildFile; fileRef = 301C08601D25877200E79763 /* examenclinique.png */; };
		301C08661D25877200E79763 /* scan.png in Resources */ = {isa = PBXBuildFile; fileRef = 301C08611D25877200E79763 /* scan.png */; };
		301C08671D25877200E79763 /* laboratoire.png in Resources */ = {isa = PBXBuildFile; fileRef = 301C08621D25877200E79763 /* laboratoire.png */; };
		301C08681D25877200E79763 /* dossier.png in Resources */ = {isa = PBXBuildFile; fileRef = 301C08631D25877200E79763 /* dossier.png */; };
		301C08691D25877200E79763 /* tension.png in Resources */ = {isa = PBXBuildFile; fileRef = 301C08641D25877200E79763 /* tension.png */; };
		302974711D4A0810006FF74D /* douleur_thoracique.png in Resources */ = {isa = PBXBuildFile; fileRef = 302974701D4A0810006FF74D /* douleur_thoracique.png */; };
		302974731D4AC8FA006FF74D /* mobilite_epaule.png in Resources */ = {isa = PBXBuildFile; fileRef = 302974721D4AC8FA006FF74D /* mobilite_epaule.png */; };
		302974771D4B5F39006FF74D /* fracture_sup_humerus.png in Resources */ = {isa = PBXBuildFile; fileRef = 302974761D4B5F39006FF74D /* fracture_sup_humerus.png */; };
		302974791D4D9DA5006FF74D /* fractures métacarpe.png in Resources */ = {isa = PBXBuildFile; fileRef = 302974781D4D9DA5006FF74D /* fractures métacarpe.png */; };
		303468E11D3D1B2D00FB10E4 /* Locomoteur.swift in Sources */ = {isa = PBXBuildFile; fileRef = 303468E01D3D1B2D00FB10E4 /* Locomoteur.swift */; };
		3041E67C1D3805A100CD4B42 /* pancarteViewController.swift in Sources */ = {isa = PBXBuildFile; fileRef = 3041E67B1D3805A100CD4B42 /* pancarteViewController.swift */; };
		3041E6811D3A828300CD4B42 /* Documents.swift in Sources */ = {isa = PBXBuildFile; fileRef = 3041E6801D3A828300CD4B42 /* Documents.swift */; };
		3041E6851D3B8BBE00CD4B42 /* Digestif.swift in Sources */ = {isa = PBXBuildFile; fileRef = 3041E6841D3B8BBE00CD4B42 /* Digestif.swift */; };
		304B19F41D10C3D30006DB4A /* examgroupTableViewCell.swift in Sources */ = {isa = PBXBuildFile; fileRef = 304B19F31D10C3D30006DB4A /* examgroupTableViewCell.swift */; };
		304B19F71D13E0DD0006DB4A /* checkTableViewCell.swift in Sources */ = {isa = PBXBuildFile; fileRef = 304B19F61D13E0DD0006DB4A /* checkTableViewCell.swift */; };
		304B19F91D13F3490006DB4A /* selectionTableViewCell.swift in Sources */ = {isa = PBXBuildFile; fileRef = 304B19F81D13F3490006DB4A /* selectionTableViewCell.swift */; };
		304B19FB1D1413540006DB4A /* Examen.swift in Sources */ = {isa = PBXBuildFile; fileRef = 304B19FA1D1413540006DB4A /* Examen.swift */; };
		304B19FD1D14174C0006DB4A /* selectionTexteTableViewController.swift in Sources */ = {isa = PBXBuildFile; fileRef = 304B19FC1D14174C0006DB4A /* selectionTexteTableViewController.swift */; };
		305ECBB41D47819F0019DBB7 /* imageDocumentViewController.swift in Sources */ = {isa = PBXBuildFile; fileRef = 305ECBB31D47819F0019DBB7 /* imageDocumentViewController.swift */; };
		305ECBB61D47B3880019DBB7 /* imageDocumentTableViewCell.swift in Sources */ = {isa = PBXBuildFile; fileRef = 305ECBB51D47B3880019DBB7 /* imageDocumentTableViewCell.swift */; };
		3061871F1D4FDD280026A1A8 /* corps femme front.png in Resources */ = {isa = PBXBuildFile; fileRef = 3061871D1D4FDD280026A1A8 /* corps femme front.png */; };
		306187201D4FDD280026A1A8 /* corps femme back.png in Resources */ = {isa = PBXBuildFile; fileRef = 3061871E1D4FDD280026A1A8 /* corps femme back.png */; };
		308E7FCA1D1D924800AF225D /* ExamenTree.swift in Sources */ = {isa = PBXBuildFile; fileRef = 308E7FC91D1D924800AF225D /* ExamenTree.swift */; };
		308E7FCC1D1DA3F000AF225D /* AjoutInformationTableViewCell.swift in Sources */ = {isa = PBXBuildFile; fileRef = 308E7FCB1D1DA3F000AF225D /* AjoutInformationTableViewCell.swift */; };
		308E7FCE1D1E8F8E00AF225D /* Numbers.swift in Sources */ = {isa = PBXBuildFile; fileRef = 308E7FCD1D1E8F8E00AF225D /* Numbers.swift */; };
		308E7FD01D1EA26700AF225D /* selectNumberViewController.swift in Sources */ = {isa = PBXBuildFile; fileRef = 308E7FCF1D1EA26700AF225D /* selectNumberViewController.swift */; };
		308E7FD21D1F5A2300AF225D /* SaisieNombreViewController.swift in Sources */ = {isa = PBXBuildFile; fileRef = 308E7FD11D1F5A2300AF225D /* SaisieNombreViewController.swift */; };
		308E7FDD1D2486E500AF225D /* tablets_icon.png in Resources */ = {isa = PBXBuildFile; fileRef = 308E7FD41D2486E500AF225D /* tablets_icon.png */; };
		308E7FDE1D2486E500AF225D /* lit_icon.png in Resources */ = {isa = PBXBuildFile; fileRef = 308E7FD51D2486E500AF225D /* lit_icon.png */; };
		308E7FDF1D2486E500AF225D /* thermo_icon.png in Resources */ = {isa = PBXBuildFile; fileRef = 308E7FD61D2486E500AF225D /* thermo_icon.png */; };
		308E7FE01D2486E500AF225D /* ambulance_icon.png in Resources */ = {isa = PBXBuildFile; fileRef = 308E7FD71D2486E500AF225D /* ambulance_icon.png */; };
		308E7FE11D2486E500AF225D /* medecin_icon.png in Resources */ = {isa = PBXBuildFile; fileRef = 308E7FD81D2486E500AF225D /* medecin_icon.png */; };
		308E7FE21D2486E500AF225D /* chirurgien_icon.png in Resources */ = {isa = PBXBuildFile; fileRef = 308E7FD91D2486E500AF225D /* chirurgien_icon.png */; };
		308E7FE31D2486E500AF225D /* peau_icon.png in Resources */ = {isa = PBXBuildFile; fileRef = 308E7FDA1D2486E500AF225D /* peau_icon.png */; };
		308E7FE41D2486E500AF225D /* bouche_icon.png in Resources */ = {isa = PBXBuildFile; fileRef = 308E7FDB1D2486E500AF225D /* bouche_icon.png */; };
		308E7FE51D2486E500AF225D /* oeil_icon.png in Resources */ = {isa = PBXBuildFile; fileRef = 308E7FDC1D2486E500AF225D /* oeil_icon.png */; };
		30905F7F1D297736002F023D /* femmesymbol.png in Resources */ = {isa = PBXBuildFile; fileRef = 30905F7D1D297736002F023D /* femmesymbol.png */; };
		30905F801D297736002F023D /* hommesymbol.png in Resources */ = {isa = PBXBuildFile; fileRef = 30905F7E1D297736002F023D /* hommesymbol.png */; };
		30905F871D29777B002F023D /* cardio2_icon.png in Resources */ = {isa = PBXBuildFile; fileRef = 30905F811D29777B002F023D /* cardio2_icon.png */; };
		30905F881D29777B002F023D /* cardio_icon.png in Resources */ = {isa = PBXBuildFile; fileRef = 30905F821D29777B002F023D /* cardio_icon.png */; };
		30905F891D29777B002F023D /* pneumo_icon.png in Resources */ = {isa = PBXBuildFile; fileRef = 30905F831D29777B002F023D /* pneumo_icon.png */; };
		30905F8A1D29777B002F023D /* neuro_icon.png in Resources */ = {isa = PBXBuildFile; fileRef = 30905F841D29777B002F023D /* neuro_icon.png */; };
		30905F8B1D29777B002F023D /* femme.png in Resources */ = {isa = PBXBuildFile; fileRef = 30905F851D29777B002F023D /* femme.png */; };
		30905F8C1D29777B002F023D /* Homme.png in Resources */ = {isa = PBXBuildFile; fileRef = 30905F861D29777B002F023D /* Homme.png */; };
		30905F8E1D29788A002F023D /* dateDureeViewController.swift in Sources */ = {isa = PBXBuildFile; fileRef = 30905F8D1D29788A002F023D /* dateDureeViewController.swift */; };
		30987AB31D2BBB7D000B73F8 /* imageSelectTableViewCell.swift in Sources */ = {isa = PBXBuildFile; fileRef = 30987AB21D2BBB7D000B73F8 /* imageSelectTableViewCell.swift */; };
		30A1900C1D2974E6001690C1 /* medecin-icone.png in Resources */ = {isa = PBXBuildFile; fileRef = 30A1900B1D2974E6001690C1 /* medecin-icone.png */; };
		30D0288F1D174F870050231C /* dataSave.swift in Sources */ = {isa = PBXBuildFile; fileRef = 30D0288E1D174F870050231C /* dataSave.swift */; };
		30D028911D18AA470050231C /* configurationViewController.swift in Sources */ = {isa = PBXBuildFile; fileRef = 30D028901D18AA470050231C /* configurationViewController.swift */; };
		30D028931D195A9D0050231C /* MonthYearPickerView.swift in Sources */ = {isa = PBXBuildFile; fileRef = 30D028921D195A9D0050231C /* MonthYearPickerView.swift */; };
		30D028951D196E430050231C /* selectDateViewController.swift in Sources */ = {isa = PBXBuildFile; fileRef = 30D028941D196E430050231C /* selectDateViewController.swift */; };
		30D0289C1D1AECD40050231C /* imagerie_icon.png in Resources */ = {isa = PBXBuildFile; fileRef = 30D028991D1AECD40050231C /* imagerie_icon.png */; };
		30D0289D1D1AECD40050231C /* piqure_icon.png in Resources */ = {isa = PBXBuildFile; fileRef = 30D0289A1D1AECD40050231C /* piqure_icon.png */; };
		30D0289E1D1AECD40050231C /* stetho_icon.png in Resources */ = {isa = PBXBuildFile; fileRef = 30D0289B1D1AECD40050231C /* stetho_icon.png */; };
		30D526791D281EBE0016A38B /* pickSelectTableViewCell.swift in Sources */ = {isa = PBXBuildFile; fileRef = 30D526781D281EBE0016A38B /* pickSelectTableViewCell.swift */; };
		30D5267B1D2863260016A38B /* fracture_femur.png in Resources */ = {isa = PBXBuildFile; fileRef = 30D5267A1D2863260016A38B /* fracture_femur.png */; };
		30D5267D1D29233B0016A38B /* pluginFormViewController.swift in Sources */ = {isa = PBXBuildFile; fileRef = 30D5267C1D29233B0016A38B /* pluginFormViewController.swift */; };
		30D852791D32943800F2F850 /* Neurologie.swift in Sources */ = {isa = PBXBuildFile; fileRef = 30D852781D32943800F2F850 /* Neurologie.swift */; };
		30D8527B1D33D12200F2F850 /* Cardiologie.swift in Sources */ = {isa = PBXBuildFile; fileRef = 30D8527A1D33D12200F2F850 /* Cardiologie.swift */; };
		30D8527D1D33D1D600F2F850 /* ECG.swift in Sources */ = {isa = PBXBuildFile; fileRef = 30D8527C1D33D1D600F2F850 /* ECG.swift */; };
		30DA16EC1D46A2C700760DF9 /* Souffle cardiaque - Arbre décisionnel.png in Resources */ = {isa = PBXBuildFile; fileRef = 30DA16EB1D46A2C700760DF9 /* Souffle cardiaque - Arbre décisionnel.png */; };
		30DA347B1D48E93C009922A6 /* Image Mapped.swift in Sources */ = {isa = PBXBuildFile; fileRef = 30DA347A1D48E93C009922A6 /* Image Mapped.swift */; };
		30EFF0D41D3D8B3200358874 /* ExamenClinique.swift in Sources */ = {isa = PBXBuildFile; fileRef = 30EFF0D31D3D8B3200358874 /* ExamenClinique.swift */; };
		30EFF0D81D3E413A00358874 /* Paraclinique.swift in Sources */ = {isa = PBXBuildFile; fileRef = 30EFF0D71D3E413A00358874 /* Paraclinique.swift */; };
		30F43EE81D077C3B005E3BEB /* AppDelegate.swift in Sources */ = {isa = PBXBuildFile; fileRef = 30F43EE71D077C3B005E3BEB /* AppDelegate.swift */; };
		30F43EED1D077C3B005E3BEB /* Main.storyboard in Resources */ = {isa = PBXBuildFile; fileRef = 30F43EEB1D077C3B005E3BEB /* Main.storyboard */; };
		30F43EEF1D077C3B005E3BEB /* Assets.xcassets in Resources */ = {isa = PBXBuildFile; fileRef = 30F43EEE1D077C3B005E3BEB /* Assets.xcassets */; };
		30F43EF21D077C3B005E3BEB /* LaunchScreen.storyboard in Resources */ = {isa = PBXBuildFile; fileRef = 30F43EF01D077C3B005E3BEB /* LaunchScreen.storyboard */; };
		30F43EFD1D077C3B005E3BEB /* FoodTrackerTests.swift in Sources */ = {isa = PBXBuildFile; fileRef = 30F43EFC1D077C3B005E3BEB /* FoodTrackerTests.swift */; };
		30F43F0E1D0E26D6005E3BEB /* patientTableViewController.swift in Sources */ = {isa = PBXBuildFile; fileRef = 30F43F0D1D0E26D6005E3BEB /* patientTableViewController.swift */; };
		30F43F101D0E27FE005E3BEB /* patientTableViewCell.swift in Sources */ = {isa = PBXBuildFile; fileRef = 30F43F0F1D0E27FE005E3BEB /* patientTableViewCell.swift */; };
		30F43F121D0E5090005E3BEB /* patientInfo.swift in Sources */ = {isa = PBXBuildFile; fileRef = 30F43F111D0E508F005E3BEB /* patientInfo.swift */; };
		30F43F271D0ED1DC005E3BEB /* AjoutPatientViewController.swift in Sources */ = {isa = PBXBuildFile; fileRef = 30F43F261D0ED1DC005E3BEB /* AjoutPatientViewController.swift */; };
		30F43F291D0EE751005E3BEB /* saisieTableViewController.swift in Sources */ = {isa = PBXBuildFile; fileRef = 30F43F281D0EE751005E3BEB /* saisieTableViewController.swift */; };
		30F43F2B1D0EE789005E3BEB /* saisieTableViewCell.swift in Sources */ = {isa = PBXBuildFile; fileRef = 30F43F2A1D0EE789005E3BEB /* saisieTableViewCell.swift */; };
		30F43F2D1D0EE938005E3BEB /* categorieExamen.swift in Sources */ = {isa = PBXBuildFile; fileRef = 30F43F2C1D0EE938005E3BEB /* categorieExamen.swift */; };
		4797C2C7EDF82921A5397438 /* Pods_SaisieMed.framework in Frameworks */ = {isa = PBXBuildFile; fileRef = 7F0F34C624DBAC6FD1E8FBCC /* Pods_SaisieMed.framework */; };
/* End PBXBuildFile section */

/* Begin PBXContainerItemProxy section */
		30F43EF91D077C3B005E3BEB /* PBXContainerItemProxy */ = {
			isa = PBXContainerItemProxy;
			containerPortal = 30F43EDC1D077C3B005E3BEB /* Project object */;
			proxyType = 1;
			remoteGlobalIDString = 30F43EE31D077C3B005E3BEB;
			remoteInfo = FoodTracker;
		};
/* End PBXContainerItemProxy section */

/* Begin PBXFileReference section */
		300BF7351D52A7D10038CDB2 /* dermatomes.png */ = {isa = PBXFileReference; lastKnownFileType = image.png; path = dermatomes.png; sourceTree = "<group>"; };
		300BF7371D534CAA0038CDB2 /* veines mb inf.png */ = {isa = PBXFileReference; lastKnownFileType = image.png; path = "veines mb inf.png"; sourceTree = "<group>"; };
		300BF7391D5357B70038CDB2 /* pied.png */ = {isa = PBXFileReference; lastKnownFileType = image.png; path = pied.png; sourceTree = "<group>"; };
		300BF73B1D538E2D0038CDB2 /* thorax.png */ = {isa = PBXFileReference; lastKnownFileType = image.png; path = thorax.png; sourceTree = "<group>"; };
		300BF73D1D5608250038CDB2 /* cheville_ottawa.png */ = {isa = PBXFileReference; lastKnownFileType = image.png; path = cheville_ottawa.png; sourceTree = "<group>"; };
		3015F3A41D36C90100A23BE0 /* filesTableViewController.swift */ = {isa = PBXFileReference; fileEncoding = 4; lastKnownFileType = sourcecode.swift; path = filesTableViewController.swift; sourceTree = "<group>"; };
		3015F3A61D36C9D800A23BE0 /* imagefileTableViewCell.swift */ = {isa = PBXFileReference; fileEncoding = 4; lastKnownFileType = sourcecode.swift; path = imagefileTableViewCell.swift; sourceTree = "<group>"; };
		3015F3A81D36CB8C00A23BE0 /* patientFileTableViewCell.swift */ = {isa = PBXFileReference; fileEncoding = 4; lastKnownFileType = sourcecode.swift; path = patientFileTableViewCell.swift; sourceTree = "<group>"; };
		301825F11D0EFFB400592CE9 /* administratif_icon.png */ = {isa = PBXFileReference; lastKnownFileType = image.png; path = administratif_icon.png; sourceTree = "<group>"; };
		301825F21D0EFFB400592CE9 /* digestif_icon.png */ = {isa = PBXFileReference; lastKnownFileType = image.png; path = digestif_icon.png; sourceTree = "<group>"; };
		301825F31D0EFFB400592CE9 /* tete_icon.png */ = {isa = PBXFileReference; lastKnownFileType = image.png; path = tete_icon.png; sourceTree = "<group>"; };
		301825F71D0F005000592CE9 /* nurse_icon.png */ = {isa = PBXFileReference; lastKnownFileType = image.png; path = nurse_icon.png; sourceTree = "<group>"; };
		301825F91D0F009F00592CE9 /* os_icon.png */ = {isa = PBXFileReference; lastKnownFileType = image.png; path = os_icon.png; sourceTree = "<group>"; };
		301825FB1D0F057A00592CE9 /* questionOuiNonTableViewCell.swift */ = {isa = PBXFileReference; fileEncoding = 4; lastKnownFileType = sourcecode.swift; path = questionOuiNonTableViewCell.swift; sourceTree = "<group>"; };
		301825FD1D0F06E000592CE9 /* reponsecourteTableViewCell.swift */ = {isa = PBXFileReference; fileEncoding = 4; lastKnownFileType = sourcecode.swift; path = reponsecourteTableViewCell.swift; sourceTree = "<group>"; };
		301825FF1D0F085700592CE9 /* examensTableViewController.swift */ = {isa = PBXFileReference; fileEncoding = 4; lastKnownFileType = sourcecode.swift; lineEnding = 0; path = examensTableViewController.swift; sourceTree = "<group>"; xcLanguageSpecificationIdentifier = xcode.lang.swift; };
		301826021D0F834500592CE9 /* pancarte_icon.png */ = {isa = PBXFileReference; lastKnownFileType = image.png; path = pancarte_icon.png; sourceTree = "<group>"; };
		301826041D10580000592CE9 /* rapportViewController.swift */ = {isa = PBXFileReference; fileEncoding = 4; lastKnownFileType = sourcecode.swift; path = rapportViewController.swift; sourceTree = "<group>"; };
		301826061D10ABA900592CE9 /* rein_icon.png */ = {isa = PBXFileReference; lastKnownFileType = image.png; path = rein_icon.png; sourceTree = "<group>"; };
		301826071D10ABA900592CE9 /* medoc_icon.png */ = {isa = PBXFileReference; lastKnownFileType = image.png; path = medoc_icon.png; sourceTree = "<group>"; };
		301826081D10ABA900592CE9 /* nez_icon.png */ = {isa = PBXFileReference; lastKnownFileType = image.png; path = nez_icon.png; sourceTree = "<group>"; };
		301826091D10ABA900592CE9 /* oreille_icon.png */ = {isa = PBXFileReference; lastKnownFileType = image.png; path = oreille_icon.png; sourceTree = "<group>"; };
		3018260A1D10ABA900592CE9 /* pied_icon.png */ = {isa = PBXFileReference; lastKnownFileType = image.png; path = pied_icon.png; sourceTree = "<group>"; };
		3018260B1D10ABA900592CE9 /* main_icon.png */ = {isa = PBXFileReference; lastKnownFileType = image.png; path = main_icon.png; sourceTree = "<group>"; };
		3018260C1D10ABA900592CE9 /* gyneco_icon.png */ = {isa = PBXFileReference; lastKnownFileType = image.png; path = gyneco_icon.png; sourceTree = "<group>"; };
		3018260D1D10ABA900592CE9 /* uro_icon.png */ = {isa = PBXFileReference; lastKnownFileType = image.png; path = uro_icon.png; sourceTree = "<group>"; };
		301C08601D25877200E79763 /* examenclinique.png */ = {isa = PBXFileReference; lastKnownFileType = image.png; path = examenclinique.png; sourceTree = "<group>"; };
		301C08611D25877200E79763 /* scan.png */ = {isa = PBXFileReference; lastKnownFileType = image.png; path = scan.png; sourceTree = "<group>"; };
		301C08621D25877200E79763 /* laboratoire.png */ = {isa = PBXFileReference; lastKnownFileType = image.png; path = laboratoire.png; sourceTree = "<group>"; };
		301C08631D25877200E79763 /* dossier.png */ = {isa = PBXFileReference; lastKnownFileType = image.png; path = dossier.png; sourceTree = "<group>"; };
		301C08641D25877200E79763 /* tension.png */ = {isa = PBXFileReference; lastKnownFileType = image.png; path = tension.png; sourceTree = "<group>"; };
		302974701D4A0810006FF74D /* douleur_thoracique.png */ = {isa = PBXFileReference; lastKnownFileType = image.png; path = douleur_thoracique.png; sourceTree = "<group>"; };
		302974721D4AC8FA006FF74D /* mobilite_epaule.png */ = {isa = PBXFileReference; lastKnownFileType = image.png; path = mobilite_epaule.png; sourceTree = "<group>"; };
		302974761D4B5F39006FF74D /* fracture_sup_humerus.png */ = {isa = PBXFileReference; lastKnownFileType = image.png; path = fracture_sup_humerus.png; sourceTree = "<group>"; };
		302974781D4D9DA5006FF74D /* fractures métacarpe.png */ = {isa = PBXFileReference; lastKnownFileType = image.png; path = "fractures métacarpe.png"; sourceTree = "<group>"; };
		303468E01D3D1B2D00FB10E4 /* Locomoteur.swift */ = {isa = PBXFileReference; fileEncoding = 4; lastKnownFileType = sourcecode.swift; path = Locomoteur.swift; sourceTree = "<group>"; };
		3041E67B1D3805A100CD4B42 /* pancarteViewController.swift */ = {isa = PBXFileReference; fileEncoding = 4; lastKnownFileType = sourcecode.swift; path = pancarteViewController.swift; sourceTree = "<group>"; };
		3041E67E1D3854E000CD4B42 /* fr */ = {isa = PBXFileReference; lastKnownFileType = text.plist.strings; name = fr; path = fr.lproj/Main.strings; sourceTree = "<group>"; };
		3041E67F1D3854E000CD4B42 /* fr */ = {isa = PBXFileReference; lastKnownFileType = text.plist.strings; name = fr; path = fr.lproj/LaunchScreen.strings; sourceTree = "<group>"; };
		3041E6801D3A828300CD4B42 /* Documents.swift */ = {isa = PBXFileReference; fileEncoding = 4; lastKnownFileType = sourcecode.swift; path = Documents.swift; sourceTree = "<group>"; };
		3041E6841D3B8BBE00CD4B42 /* Digestif.swift */ = {isa = PBXFileReference; fileEncoding = 4; lastKnownFileType = sourcecode.swift; path = Digestif.swift; sourceTree = "<group>"; };
		304B19F31D10C3D30006DB4A /* examgroupTableViewCell.swift */ = {isa = PBXFileReference; fileEncoding = 4; lastKnownFileType = sourcecode.swift; path = examgroupTableViewCell.swift; sourceTree = "<group>"; };
		304B19F61D13E0DD0006DB4A /* checkTableViewCell.swift */ = {isa = PBXFileReference; fileEncoding = 4; lastKnownFileType = sourcecode.swift; path = checkTableViewCell.swift; sourceTree = "<group>"; };
		304B19F81D13F3490006DB4A /* selectionTableViewCell.swift */ = {isa = PBXFileReference; fileEncoding = 4; lastKnownFileType = sourcecode.swift; path = selectionTableViewCell.swift; sourceTree = "<group>"; };
		304B19FA1D1413540006DB4A /* Examen.swift */ = {isa = PBXFileReference; fileEncoding = 4; lastKnownFileType = sourcecode.swift; path = Examen.swift; sourceTree = "<group>"; };
		304B19FC1D14174C0006DB4A /* selectionTexteTableViewController.swift */ = {isa = PBXFileReference; fileEncoding = 4; lastKnownFileType = sourcecode.swift; path = selectionTexteTableViewController.swift; sourceTree = "<group>"; };
		305ECBB31D47819F0019DBB7 /* imageDocumentViewController.swift */ = {isa = PBXFileReference; fileEncoding = 4; lastKnownFileType = sourcecode.swift; path = imageDocumentViewController.swift; sourceTree = "<group>"; };
		305ECBB51D47B3880019DBB7 /* imageDocumentTableViewCell.swift */ = {isa = PBXFileReference; fileEncoding = 4; lastKnownFileType = sourcecode.swift; name = imageDocumentTableViewCell.swift; path = ../imageDocumentTableViewCell.swift; sourceTree = "<group>"; };
		3061871D1D4FDD280026A1A8 /* corps femme front.png */ = {isa = PBXFileReference; lastKnownFileType = image.png; path = "corps femme front.png"; sourceTree = "<group>"; };
		3061871E1D4FDD280026A1A8 /* corps femme back.png */ = {isa = PBXFileReference; lastKnownFileType = image.png; path = "corps femme back.png"; sourceTree = "<group>"; };
		308E7FC91D1D924800AF225D /* ExamenTree.swift */ = {isa = PBXFileReference; fileEncoding = 4; lastKnownFileType = sourcecode.swift; lineEnding = 0; path = ExamenTree.swift; sourceTree = "<group>"; xcLanguageSpecificationIdentifier = xcode.lang.swift; };
		308E7FCB1D1DA3F000AF225D /* AjoutInformationTableViewCell.swift */ = {isa = PBXFileReference; fileEncoding = 4; lastKnownFileType = sourcecode.swift; name = AjoutInformationTableViewCell.swift; path = ../AjoutInformationTableViewCell.swift; sourceTree = "<group>"; };
		308E7FCD1D1E8F8E00AF225D /* Numbers.swift */ = {isa = PBXFileReference; fileEncoding = 4; lastKnownFileType = sourcecode.swift; path = Numbers.swift; sourceTree = "<group>"; };
		308E7FCF1D1EA26700AF225D /* selectNumberViewController.swift */ = {isa = PBXFileReference; fileEncoding = 4; lastKnownFileType = sourcecode.swift; path = selectNumberViewController.swift; sourceTree = "<group>"; };
		308E7FD11D1F5A2300AF225D /* SaisieNombreViewController.swift */ = {isa = PBXFileReference; fileEncoding = 4; lastKnownFileType = sourcecode.swift; path = SaisieNombreViewController.swift; sourceTree = "<group>"; };
		308E7FD41D2486E500AF225D /* tablets_icon.png */ = {isa = PBXFileReference; lastKnownFileType = image.png; path = tablets_icon.png; sourceTree = "<group>"; };
		308E7FD51D2486E500AF225D /* lit_icon.png */ = {isa = PBXFileReference; lastKnownFileType = image.png; path = lit_icon.png; sourceTree = "<group>"; };
		308E7FD61D2486E500AF225D /* thermo_icon.png */ = {isa = PBXFileReference; lastKnownFileType = image.png; path = thermo_icon.png; sourceTree = "<group>"; };
		308E7FD71D2486E500AF225D /* ambulance_icon.png */ = {isa = PBXFileReference; lastKnownFileType = image.png; path = ambulance_icon.png; sourceTree = "<group>"; };
		308E7FD81D2486E500AF225D /* medecin_icon.png */ = {isa = PBXFileReference; lastKnownFileType = image.png; path = medecin_icon.png; sourceTree = "<group>"; };
		308E7FD91D2486E500AF225D /* chirurgien_icon.png */ = {isa = PBXFileReference; lastKnownFileType = image.png; path = chirurgien_icon.png; sourceTree = "<group>"; };
		308E7FDA1D2486E500AF225D /* peau_icon.png */ = {isa = PBXFileReference; lastKnownFileType = image.png; path = peau_icon.png; sourceTree = "<group>"; };
		308E7FDB1D2486E500AF225D /* bouche_icon.png */ = {isa = PBXFileReference; lastKnownFileType = image.png; path = bouche_icon.png; sourceTree = "<group>"; };
		308E7FDC1D2486E500AF225D /* oeil_icon.png */ = {isa = PBXFileReference; lastKnownFileType = image.png; path = oeil_icon.png; sourceTree = "<group>"; };
		30905F7D1D297736002F023D /* femmesymbol.png */ = {isa = PBXFileReference; lastKnownFileType = image.png; path = femmesymbol.png; sourceTree = "<group>"; };
		30905F7E1D297736002F023D /* hommesymbol.png */ = {isa = PBXFileReference; lastKnownFileType = image.png; path = hommesymbol.png; sourceTree = "<group>"; };
		30905F811D29777B002F023D /* cardio2_icon.png */ = {isa = PBXFileReference; lastKnownFileType = image.png; path = cardio2_icon.png; sourceTree = "<group>"; };
		30905F821D29777B002F023D /* cardio_icon.png */ = {isa = PBXFileReference; lastKnownFileType = image.png; path = cardio_icon.png; sourceTree = "<group>"; };
		30905F831D29777B002F023D /* pneumo_icon.png */ = {isa = PBXFileReference; lastKnownFileType = image.png; path = pneumo_icon.png; sourceTree = "<group>"; };
		30905F841D29777B002F023D /* neuro_icon.png */ = {isa = PBXFileReference; lastKnownFileType = image.png; path = neuro_icon.png; sourceTree = "<group>"; };
		30905F851D29777B002F023D /* femme.png */ = {isa = PBXFileReference; lastKnownFileType = image.png; path = femme.png; sourceTree = "<group>"; };
		30905F861D29777B002F023D /* Homme.png */ = {isa = PBXFileReference; lastKnownFileType = image.png; path = Homme.png; sourceTree = "<group>"; };
		30905F8D1D29788A002F023D /* dateDureeViewController.swift */ = {isa = PBXFileReference; fileEncoding = 4; lastKnownFileType = sourcecode.swift; path = dateDureeViewController.swift; sourceTree = "<group>"; };
		30987AB21D2BBB7D000B73F8 /* imageSelectTableViewCell.swift */ = {isa = PBXFileReference; fileEncoding = 4; lastKnownFileType = sourcecode.swift; name = imageSelectTableViewCell.swift; path = ../imageSelectTableViewCell.swift; sourceTree = "<group>"; };
		30A1900B1D2974E6001690C1 /* medecin-icone.png */ = {isa = PBXFileReference; lastKnownFileType = image.png; path = "medecin-icone.png"; sourceTree = "<group>"; };
		30D0288E1D174F870050231C /* dataSave.swift */ = {isa = PBXFileReference; fileEncoding = 4; lastKnownFileType = sourcecode.swift; lineEnding = 0; path = dataSave.swift; sourceTree = "<group>"; xcLanguageSpecificationIdentifier = xcode.lang.swift; };
		30D028901D18AA470050231C /* configurationViewController.swift */ = {isa = PBXFileReference; fileEncoding = 4; lastKnownFileType = sourcecode.swift; lineEnding = 0; path = configurationViewController.swift; sourceTree = "<group>"; xcLanguageSpecificationIdentifier = xcode.lang.swift; };
		30D028921D195A9D0050231C /* MonthYearPickerView.swift */ = {isa = PBXFileReference; fileEncoding = 4; lastKnownFileType = sourcecode.swift; path = MonthYearPickerView.swift; sourceTree = "<group>"; };
		30D028941D196E430050231C /* selectDateViewController.swift */ = {isa = PBXFileReference; fileEncoding = 4; lastKnownFileType = sourcecode.swift; path = selectDateViewController.swift; sourceTree = "<group>"; };
		30D028991D1AECD40050231C /* imagerie_icon.png */ = {isa = PBXFileReference; lastKnownFileType = image.png; path = imagerie_icon.png; sourceTree = "<group>"; };
		30D0289A1D1AECD40050231C /* piqure_icon.png */ = {isa = PBXFileReference; lastKnownFileType = image.png; path = piqure_icon.png; sourceTree = "<group>"; };
		30D0289B1D1AECD40050231C /* stetho_icon.png */ = {isa = PBXFileReference; lastKnownFileType = image.png; path = stetho_icon.png; sourceTree = "<group>"; };
		30D526781D281EBE0016A38B /* pickSelectTableViewCell.swift */ = {isa = PBXFileReference; fileEncoding = 4; lastKnownFileType = sourcecode.swift; name = pickSelectTableViewCell.swift; path = ../pickSelectTableViewCell.swift; sourceTree = "<group>"; };
		30D5267A1D2863260016A38B /* fracture_femur.png */ = {isa = PBXFileReference; lastKnownFileType = image.png; path = fracture_femur.png; sourceTree = "<group>"; };
		30D5267C1D29233B0016A38B /* pluginFormViewController.swift */ = {isa = PBXFileReference; fileEncoding = 4; lastKnownFileType = sourcecode.swift; path = pluginFormViewController.swift; sourceTree = "<group>"; };
		30D852781D32943800F2F850 /* Neurologie.swift */ = {isa = PBXFileReference; fileEncoding = 4; lastKnownFileType = sourcecode.swift; lineEnding = 0; path = Neurologie.swift; sourceTree = "<group>"; xcLanguageSpecificationIdentifier = xcode.lang.swift; };
		30D8527A1D33D12200F2F850 /* Cardiologie.swift */ = {isa = PBXFileReference; fileEncoding = 4; lastKnownFileType = sourcecode.swift; lineEnding = 0; path = Cardiologie.swift; sourceTree = "<group>"; xcLanguageSpecificationIdentifier = xcode.lang.swift; };
		30D8527C1D33D1D600F2F850 /* ECG.swift */ = {isa = PBXFileReference; fileEncoding = 4; lastKnownFileType = sourcecode.swift; lineEnding = 0; path = ECG.swift; sourceTree = "<group>"; xcLanguageSpecificationIdentifier = xcode.lang.swift; };
		30DA16EB1D46A2C700760DF9 /* Souffle cardiaque - Arbre décisionnel.png */ = {isa = PBXFileReference; lastKnownFileType = image.png; path = "Souffle cardiaque - Arbre décisionnel.png"; sourceTree = "<group>"; };
		30DA347A1D48E93C009922A6 /* Image Mapped.swift */ = {isa = PBXFileReference; fileEncoding = 4; lastKnownFileType = sourcecode.swift; path = "Image Mapped.swift"; sourceTree = "<group>"; };
		30EFF0D31D3D8B3200358874 /* ExamenClinique.swift */ = {isa = PBXFileReference; fileEncoding = 4; lastKnownFileType = sourcecode.swift; path = ExamenClinique.swift; sourceTree = "<group>"; };
		30EFF0D71D3E413A00358874 /* Paraclinique.swift */ = {isa = PBXFileReference; fileEncoding = 4; lastKnownFileType = sourcecode.swift; path = Paraclinique.swift; sourceTree = "<group>"; };
		30F43EE41D077C3B005E3BEB /* SaisieMed.app */ = {isa = PBXFileReference; explicitFileType = wrapper.application; includeInIndex = 0; path = SaisieMed.app; sourceTree = BUILT_PRODUCTS_DIR; };
		30F43EE71D077C3B005E3BEB /* AppDelegate.swift */ = {isa = PBXFileReference; lastKnownFileType = sourcecode.swift; path = AppDelegate.swift; sourceTree = "<group>"; };
		30F43EEC1D077C3B005E3BEB /* Base */ = {isa = PBXFileReference; lastKnownFileType = file.storyboard; name = Base; path = Base.lproj/Main.storyboard; sourceTree = "<group>"; };
		30F43EEE1D077C3B005E3BEB /* Assets.xcassets */ = {isa = PBXFileReference; lastKnownFileType = folder.assetcatalog; path = Assets.xcassets; sourceTree = "<group>"; };
		30F43EF11D077C3B005E3BEB /* Base */ = {isa = PBXFileReference; lastKnownFileType = file.storyboard; name = Base; path = Base.lproj/LaunchScreen.storyboard; sourceTree = "<group>"; };
		30F43EF31D077C3B005E3BEB /* Info.plist */ = {isa = PBXFileReference; lastKnownFileType = text.plist.xml; path = Info.plist; sourceTree = "<group>"; };
		30F43EF81D077C3B005E3BEB /* SaisieMed.xctest */ = {isa = PBXFileReference; explicitFileType = wrapper.cfbundle; includeInIndex = 0; path = SaisieMed.xctest; sourceTree = BUILT_PRODUCTS_DIR; };
		30F43EFC1D077C3B005E3BEB /* FoodTrackerTests.swift */ = {isa = PBXFileReference; lastKnownFileType = sourcecode.swift; path = FoodTrackerTests.swift; sourceTree = "<group>"; };
		30F43EFE1D077C3B005E3BEB /* Info.plist */ = {isa = PBXFileReference; lastKnownFileType = text.plist.xml; path = Info.plist; sourceTree = "<group>"; };
		30F43F0D1D0E26D6005E3BEB /* patientTableViewController.swift */ = {isa = PBXFileReference; fileEncoding = 4; lastKnownFileType = sourcecode.swift; path = patientTableViewController.swift; sourceTree = "<group>"; };
		30F43F0F1D0E27FE005E3BEB /* patientTableViewCell.swift */ = {isa = PBXFileReference; fileEncoding = 4; lastKnownFileType = sourcecode.swift; path = patientTableViewCell.swift; sourceTree = "<group>"; };
		30F43F111D0E508F005E3BEB /* patientInfo.swift */ = {isa = PBXFileReference; fileEncoding = 4; lastKnownFileType = sourcecode.swift; path = patientInfo.swift; sourceTree = "<group>"; };
		30F43F261D0ED1DC005E3BEB /* AjoutPatientViewController.swift */ = {isa = PBXFileReference; fileEncoding = 4; lastKnownFileType = sourcecode.swift; name = AjoutPatientViewController.swift; path = ../AjoutPatientViewController.swift; sourceTree = "<group>"; };
		30F43F281D0EE751005E3BEB /* saisieTableViewController.swift */ = {isa = PBXFileReference; fileEncoding = 4; lastKnownFileType = sourcecode.swift; path = saisieTableViewController.swift; sourceTree = "<group>"; };
		30F43F2A1D0EE789005E3BEB /* saisieTableViewCell.swift */ = {isa = PBXFileReference; fileEncoding = 4; lastKnownFileType = sourcecode.swift; path = saisieTableViewCell.swift; sourceTree = "<group>"; };
		30F43F2C1D0EE938005E3BEB /* categorieExamen.swift */ = {isa = PBXFileReference; fileEncoding = 4; lastKnownFileType = sourcecode.swift; lineEnding = 0; path = categorieExamen.swift; sourceTree = "<group>"; xcLanguageSpecificationIdentifier = xcode.lang.swift; };
		36C56C2C61E9CB515E6EEEB5 /* Pods-SaisieMed.release.xcconfig */ = {isa = PBXFileReference; includeInIndex = 1; lastKnownFileType = text.xcconfig; name = "Pods-SaisieMed.release.xcconfig"; path = "Pods/Target Support Files/Pods-SaisieMed/Pods-SaisieMed.release.xcconfig"; sourceTree = "<group>"; };
		6A05D36507BB1C748BE5D487 /* Pods-SaisieMed.debug.xcconfig */ = {isa = PBXFileReference; includeInIndex = 1; lastKnownFileType = text.xcconfig; name = "Pods-SaisieMed.debug.xcconfig"; path = "Pods/Target Support Files/Pods-SaisieMed/Pods-SaisieMed.debug.xcconfig"; sourceTree = "<group>"; };
		7CDA2817AB0040F470CEE1BC /* Pods_SaisieMedTests.framework */ = {isa = PBXFileReference; explicitFileType = wrapper.framework; includeInIndex = 0; path = Pods_SaisieMedTests.framework; sourceTree = BUILT_PRODUCTS_DIR; };
		7F0F34C624DBAC6FD1E8FBCC /* Pods_SaisieMed.framework */ = {isa = PBXFileReference; explicitFileType = wrapper.framework; includeInIndex = 0; path = Pods_SaisieMed.framework; sourceTree = BUILT_PRODUCTS_DIR; };
		AA7263CC6F13639093ADCA4F /* Pods-SaisieMedTests.release.xcconfig */ = {isa = PBXFileReference; includeInIndex = 1; lastKnownFileType = text.xcconfig; name = "Pods-SaisieMedTests.release.xcconfig"; path = "Pods/Target Support Files/Pods-SaisieMedTests/Pods-SaisieMedTests.release.xcconfig"; sourceTree = "<group>"; };
		F0D423A513FE1EE33BB86B6F /* Pods-SaisieMedTests.debug.xcconfig */ = {isa = PBXFileReference; includeInIndex = 1; lastKnownFileType = text.xcconfig; name = "Pods-SaisieMedTests.debug.xcconfig"; path = "Pods/Target Support Files/Pods-SaisieMedTests/Pods-SaisieMedTests.debug.xcconfig"; sourceTree = "<group>"; };
/* End PBXFileReference section */

/* Begin PBXFrameworksBuildPhase section */
		30F43EE11D077C3B005E3BEB /* Frameworks */ = {
			isa = PBXFrameworksBuildPhase;
			buildActionMask = 2147483647;
			files = (
				4797C2C7EDF82921A5397438 /* Pods_SaisieMed.framework in Frameworks */,
			);
			runOnlyForDeploymentPostprocessing = 0;
		};
		30F43EF51D077C3B005E3BEB /* Frameworks */ = {
			isa = PBXFrameworksBuildPhase;
			buildActionMask = 2147483647;
			files = (
				1774423E8602EAB0930C025D /* Pods_SaisieMedTests.framework in Frameworks */,
			);
			runOnlyForDeploymentPostprocessing = 0;
		};
/* End PBXFrameworksBuildPhase section */

/* Begin PBXGroup section */
		17C5D53021C936DA55CF31C8 /* Frameworks */ = {
			isa = PBXGroup;
			children = (
				7F0F34C624DBAC6FD1E8FBCC /* Pods_SaisieMed.framework */,
				7CDA2817AB0040F470CEE1BC /* Pods_SaisieMedTests.framework */,
			);
			name = Frameworks;
			sourceTree = "<group>";
		};
		301826011D0F0B2A00592CE9 /* Examens */ = {
			isa = PBXGroup;
			children = (
				301825FF1D0F085700592CE9 /* examensTableViewController.swift */,
				305ECBB51D47B3880019DBB7 /* imageDocumentTableViewCell.swift */,
				30D526781D281EBE0016A38B /* pickSelectTableViewCell.swift */,
				30987AB21D2BBB7D000B73F8 /* imageSelectTableViewCell.swift */,
				308E7FCB1D1DA3F000AF225D /* AjoutInformationTableViewCell.swift */,
				304B19F81D13F3490006DB4A /* selectionTableViewCell.swift */,
				304B19F61D13E0DD0006DB4A /* checkTableViewCell.swift */,
				304B19F31D10C3D30006DB4A /* examgroupTableViewCell.swift */,
				301825FD1D0F06E000592CE9 /* reponsecourteTableViewCell.swift */,
				301825FB1D0F057A00592CE9 /* questionOuiNonTableViewCell.swift */,
			);
			name = Examens;
			sourceTree = "<group>";
		};
		3041E67A1D36EBBD00CD4B42 /* Arbre Examens */ = {
			isa = PBXGroup;
			children = (
				304B19FA1D1413540006DB4A /* Examen.swift */,
				308E7FC91D1D924800AF225D /* ExamenTree.swift */,
				30EFF0D31D3D8B3200358874 /* ExamenClinique.swift */,
				30D8527C1D33D1D600F2F850 /* ECG.swift */,
				30D852781D32943800F2F850 /* Neurologie.swift */,
				30D8527A1D33D12200F2F850 /* Cardiologie.swift */,
				3041E6801D3A828300CD4B42 /* Documents.swift */,
				3041E6841D3B8BBE00CD4B42 /* Digestif.swift */,
				303468E01D3D1B2D00FB10E4 /* Locomoteur.swift */,
				30EFF0D71D3E413A00358874 /* Paraclinique.swift */,
			);
			name = "Arbre Examens";
			sourceTree = "<group>";
		};
		3041E67D1D382FC500CD4B42 /* file View */ = {
			isa = PBXGroup;
			children = (
				3015F3A41D36C90100A23BE0 /* filesTableViewController.swift */,
				3015F3A81D36CB8C00A23BE0 /* patientFileTableViewCell.swift */,
				3015F3A61D36C9D800A23BE0 /* imagefileTableViewCell.swift */,
			);
			name = "file View";
			path = ..;
			sourceTree = "<group>";
		};
		304B19F51D10D5370006DB4A /* Rapport */ = {
			isa = PBXGroup;
			children = (
				301826041D10580000592CE9 /* rapportViewController.swift */,
			);
			name = Rapport;
			sourceTree = "<group>";
		};
		304B19FE1D14191E0006DB4A /* selectionTexte */ = {
			isa = PBXGroup;
			children = (
				304B19FC1D14174C0006DB4A /* selectionTexteTableViewController.swift */,
			);
			name = selectionTexte;
			path = ..;
			sourceTree = "<group>";
		};
		308E7FD31D1FC60100AF225D /* Configuration */ = {
			isa = PBXGroup;
			children = (
				30D028901D18AA470050231C /* configurationViewController.swift */,
			);
			name = Configuration;
			path = ..;
			sourceTree = "<group>";
		};
		30D028981D19BC810050231C /* Dates et autres saisies */ = {
			isa = PBXGroup;
			children = (
				3041E67B1D3805A100CD4B42 /* pancarteViewController.swift */,
				30D5267C1D29233B0016A38B /* pluginFormViewController.swift */,
				30905F8D1D29788A002F023D /* dateDureeViewController.swift */,
				308E7FD11D1F5A2300AF225D /* SaisieNombreViewController.swift */,
				30D028941D196E430050231C /* selectDateViewController.swift */,
				30D028921D195A9D0050231C /* MonthYearPickerView.swift */,
				308E7FCF1D1EA26700AF225D /* selectNumberViewController.swift */,
				308E7FCD1D1E8F8E00AF225D /* Numbers.swift */,
			);
			name = "Dates et autres saisies";
			path = ..;
			sourceTree = "<group>";
		};
		30F43EDB1D077C3B005E3BEB = {
			isa = PBXGroup;
			children = (
				30F43EEB1D077C3B005E3BEB /* Main.storyboard */,
				305ECBB31D47819F0019DBB7 /* imageDocumentViewController.swift */,
				30DA347A1D48E93C009922A6 /* Image Mapped.swift */,
				30F43EE61D077C3B005E3BEB /* SaisieMed */,
				30F43EFB1D077C3B005E3BEB /* SaisieMedTests */,
				30F43EE51D077C3B005E3BEB /* Products */,
				447D980BB8ECCF403C5FE62E /* Pods */,
				17C5D53021C936DA55CF31C8 /* Frameworks */,
			);
			sourceTree = "<group>";
		};
		30F43EE51D077C3B005E3BEB /* Products */ = {
			isa = PBXGroup;
			children = (
				30F43EE41D077C3B005E3BEB /* SaisieMed.app */,
				30F43EF81D077C3B005E3BEB /* SaisieMed.xctest */,
			);
			name = Products;
			sourceTree = "<group>";
		};
		30F43EE61D077C3B005E3BEB /* SaisieMed */ = {
			isa = PBXGroup;
			children = (
				30F43EE71D077C3B005E3BEB /* AppDelegate.swift */,
				30D0288E1D174F870050231C /* dataSave.swift */,
				30F43F2C1D0EE938005E3BEB /* categorieExamen.swift */,
				3041E67D1D382FC500CD4B42 /* file View */,
				3041E67A1D36EBBD00CD4B42 /* Arbre Examens */,
				308E7FD31D1FC60100AF225D /* Configuration */,
				30F43F2F1D0EF7DE005E3BEB /* Liste patient */,
				301826011D0F0B2A00592CE9 /* Examens */,
				30F43F2E1D0EF7BE005E3BEB /* Menu Saisie */,
				304B19FE1D14191E0006DB4A /* selectionTexte */,
				30F43F231D0EA255005E3BEB /* images */,
				304B19F51D10D5370006DB4A /* Rapport */,
				30F43EEE1D077C3B005E3BEB /* Assets.xcassets */,
				30D028981D19BC810050231C /* Dates et autres saisies */,
				30F43EF01D077C3B005E3BEB /* LaunchScreen.storyboard */,
				30F43EF31D077C3B005E3BEB /* Info.plist */,
			);
			name = SaisieMed;
			path = FoodTracker;
			sourceTree = "<group>";
		};
		30F43EFB1D077C3B005E3BEB /* SaisieMedTests */ = {
			isa = PBXGroup;
			children = (
				30F43EFC1D077C3B005E3BEB /* FoodTrackerTests.swift */,
				30F43EFE1D077C3B005E3BEB /* Info.plist */,
			);
			name = SaisieMedTests;
			path = FoodTrackerTests;
			sourceTree = "<group>";
		};
		30F43F231D0EA255005E3BEB /* images */ = {
			isa = PBXGroup;
			children = (
				300BF73D1D5608250038CDB2 /* cheville_ottawa.png */,
				300BF73B1D538E2D0038CDB2 /* thorax.png */,
				300BF7391D5357B70038CDB2 /* pied.png */,
				300BF7371D534CAA0038CDB2 /* veines mb inf.png */,
				300BF7351D52A7D10038CDB2 /* dermatomes.png */,
				3061871D1D4FDD280026A1A8 /* corps femme front.png */,
				3061871E1D4FDD280026A1A8 /* corps femme back.png */,
				302974781D4D9DA5006FF74D /* fractures métacarpe.png */,
				302974761D4B5F39006FF74D /* fracture_sup_humerus.png */,
				302974721D4AC8FA006FF74D /* mobilite_epaule.png */,
				302974701D4A0810006FF74D /* douleur_thoracique.png */,
				301C08601D25877200E79763 /* examenclinique.png */,
				30DA16EB1D46A2C700760DF9 /* Souffle cardiaque - Arbre décisionnel.png */,
				30A1900B1D2974E6001690C1 /* medecin-icone.png */,
				301C08611D25877200E79763 /* scan.png */,
				301C08621D25877200E79763 /* laboratoire.png */,
				301C08631D25877200E79763 /* dossier.png */,
				30D5267A1D2863260016A38B /* fracture_femur.png */,
				301C08641D25877200E79763 /* tension.png */,
				308E7FD41D2486E500AF225D /* tablets_icon.png */,
				308E7FD51D2486E500AF225D /* lit_icon.png */,
				308E7FD61D2486E500AF225D /* thermo_icon.png */,
				308E7FD71D2486E500AF225D /* ambulance_icon.png */,
				308E7FD81D2486E500AF225D /* medecin_icon.png */,
				308E7FD91D2486E500AF225D /* chirurgien_icon.png */,
				308E7FDA1D2486E500AF225D /* peau_icon.png */,
				308E7FDB1D2486E500AF225D /* bouche_icon.png */,
				308E7FDC1D2486E500AF225D /* oeil_icon.png */,
				30D028991D1AECD40050231C /* imagerie_icon.png */,
				30D0289A1D1AECD40050231C /* piqure_icon.png */,
				30D0289B1D1AECD40050231C /* stetho_icon.png */,
				301826061D10ABA900592CE9 /* rein_icon.png */,
				301826071D10ABA900592CE9 /* medoc_icon.png */,
				301826081D10ABA900592CE9 /* nez_icon.png */,
				301826091D10ABA900592CE9 /* oreille_icon.png */,
				3018260A1D10ABA900592CE9 /* pied_icon.png */,
				3018260B1D10ABA900592CE9 /* main_icon.png */,
				3018260C1D10ABA900592CE9 /* gyneco_icon.png */,
				3018260D1D10ABA900592CE9 /* uro_icon.png */,
				30905F7D1D297736002F023D /* femmesymbol.png */,
				30905F7E1D297736002F023D /* hommesymbol.png */,
				301825F91D0F009F00592CE9 /* os_icon.png */,
				301826021D0F834500592CE9 /* pancarte_icon.png */,
				301825F11D0EFFB400592CE9 /* administratif_icon.png */,
				301825F21D0EFFB400592CE9 /* digestif_icon.png */,
				30905F811D29777B002F023D /* cardio2_icon.png */,
				30905F821D29777B002F023D /* cardio_icon.png */,
				30905F831D29777B002F023D /* pneumo_icon.png */,
				30905F841D29777B002F023D /* neuro_icon.png */,
				30905F851D29777B002F023D /* femme.png */,
				30905F861D29777B002F023D /* Homme.png */,
				301825F31D0EFFB400592CE9 /* tete_icon.png */,
				301825F71D0F005000592CE9 /* nurse_icon.png */,
			);
			name = images;
			sourceTree = "<group>";
		};
		30F43F2E1D0EF7BE005E3BEB /* Menu Saisie */ = {
			isa = PBXGroup;
			children = (
				30F43F281D0EE751005E3BEB /* saisieTableViewController.swift */,
				30F43F2A1D0EE789005E3BEB /* saisieTableViewCell.swift */,
			);
			name = "Menu Saisie";
			sourceTree = "<group>";
		};
		30F43F2F1D0EF7DE005E3BEB /* Liste patient */ = {
			isa = PBXGroup;
			children = (
				30F43F261D0ED1DC005E3BEB /* AjoutPatientViewController.swift */,
				30F43F0D1D0E26D6005E3BEB /* patientTableViewController.swift */,
				30F43F111D0E508F005E3BEB /* patientInfo.swift */,
				30F43F0F1D0E27FE005E3BEB /* patientTableViewCell.swift */,
			);
			name = "Liste patient";
			sourceTree = "<group>";
		};
		447D980BB8ECCF403C5FE62E /* Pods */ = {
			isa = PBXGroup;
			children = (
				6A05D36507BB1C748BE5D487 /* Pods-SaisieMed.debug.xcconfig */,
				36C56C2C61E9CB515E6EEEB5 /* Pods-SaisieMed.release.xcconfig */,
				F0D423A513FE1EE33BB86B6F /* Pods-SaisieMedTests.debug.xcconfig */,
				AA7263CC6F13639093ADCA4F /* Pods-SaisieMedTests.release.xcconfig */,
			);
			name = Pods;
			sourceTree = "<group>";
		};
/* End PBXGroup section */

/* Begin PBXNativeTarget section */
		30F43EE31D077C3B005E3BEB /* SaisieMed */ = {
			isa = PBXNativeTarget;
			buildConfigurationList = 30F43F011D077C3B005E3BEB /* Build configuration list for PBXNativeTarget "SaisieMed" */;
			buildPhases = (
				816A126E208C839DF24DCF11 /* [CP] Check Pods Manifest.lock */,
				30F43EE01D077C3B005E3BEB /* Sources */,
				30F43EE11D077C3B005E3BEB /* Frameworks */,
				30F43EE21D077C3B005E3BEB /* Resources */,
				308E7FC81D1D780100AF225D /* ShellScript */,
				A5F91A11ED1A6DEC083A5724 /* [CP] Embed Pods Frameworks */,
				8E8AE7183F6413CC70BF4FA4 /* [CP] Copy Pods Resources */,
			);
			buildRules = (
			);
			dependencies = (
			);
			name = SaisieMed;
			productName = FoodTracker;
			productReference = 30F43EE41D077C3B005E3BEB /* SaisieMed.app */;
			productType = "com.apple.product-type.application";
		};
		30F43EF71D077C3B005E3BEB /* SaisieMedTests */ = {
			isa = PBXNativeTarget;
			buildConfigurationList = 30F43F041D077C3B005E3BEB /* Build configuration list for PBXNativeTarget "SaisieMedTests" */;
			buildPhases = (
				E689F963881D503420B3B126 /* [CP] Check Pods Manifest.lock */,
				30F43EF41D077C3B005E3BEB /* Sources */,
				30F43EF51D077C3B005E3BEB /* Frameworks */,
				30F43EF61D077C3B005E3BEB /* Resources */,
				6850F691C29C4BBA82BDD94C /* [CP] Embed Pods Frameworks */,
				02763E2FE7C608916B520612 /* [CP] Copy Pods Resources */,
			);
			buildRules = (
			);
			dependencies = (
				30F43EFA1D077C3B005E3BEB /* PBXTargetDependency */,
			);
			name = SaisieMedTests;
			productName = FoodTrackerTests;
			productReference = 30F43EF81D077C3B005E3BEB /* SaisieMed.xctest */;
			productType = "com.apple.product-type.bundle.unit-test";
		};
/* End PBXNativeTarget section */

/* Begin PBXProject section */
		30F43EDC1D077C3B005E3BEB /* Project object */ = {
			isa = PBXProject;
			attributes = {
				LastSwiftUpdateCheck = 0730;
				LastUpgradeCheck = 0730;
				ORGANIZATIONNAME = "Eric Ricalens";
				TargetAttributes = {
					30F43EE31D077C3B005E3BEB = {
						CreatedOnToolsVersion = 7.3.1;
						DevelopmentTeam = 5RUR7LE3X9;
					};
					30F43EF71D077C3B005E3BEB = {
						CreatedOnToolsVersion = 7.3.1;
						TestTargetID = 30F43EE31D077C3B005E3BEB;
					};
				};
			};
			buildConfigurationList = 30F43EDF1D077C3B005E3BEB /* Build configuration list for PBXProject "SaisieMed" */;
			compatibilityVersion = "Xcode 3.2";
			developmentRegion = English;
			hasScannedForEncodings = 0;
			knownRegions = (
				en,
				Base,
			);
			mainGroup = 30F43EDB1D077C3B005E3BEB;
			productRefGroup = 30F43EE51D077C3B005E3BEB /* Products */;
			projectDirPath = "";
			projectRoot = "";
			targets = (
				30F43EE31D077C3B005E3BEB /* SaisieMed */,
				30F43EF71D077C3B005E3BEB /* SaisieMedTests */,
			);
		};
/* End PBXProject section */

/* Begin PBXResourcesBuildPhase section */
		30F43EE21D077C3B005E3BEB /* Resources */ = {
			isa = PBXResourcesBuildPhase;
			buildActionMask = 2147483647;
			files = (
				3061871F1D4FDD280026A1A8 /* corps femme front.png in Resources */,
				301826031D0F834500592CE9 /* pancarte_icon.png in Resources */,
				300BF7361D52A7D10038CDB2 /* dermatomes.png in Resources */,
				30905F871D29777B002F023D /* cardio2_icon.png in Resources */,
				300BF7381D534CAA0038CDB2 /* veines mb inf.png in Resources */,
				301826131D10ABAA00592CE9 /* main_icon.png in Resources */,
				302974711D4A0810006FF74D /* douleur_thoracique.png in Resources */,
				30D5267B1D2863260016A38B /* fracture_femur.png in Resources */,
				308E7FE21D2486E500AF225D /* chirurgien_icon.png in Resources */,
				302974771D4B5F39006FF74D /* fracture_sup_humerus.png in Resources */,
				301C08681D25877200E79763 /* dossier.png in Resources */,
				308E7FE31D2486E500AF225D /* peau_icon.png in Resources */,
				301826101D10ABAA00592CE9 /* nez_icon.png in Resources */,
				3018260E1D10ABAA00592CE9 /* rein_icon.png in Resources */,
				30DA16EC1D46A2C700760DF9 /* Souffle cardiaque - Arbre décisionnel.png in Resources */,
				301826121D10ABAA00592CE9 /* pied_icon.png in Resources */,
				30905F8C1D29777B002F023D /* Homme.png in Resources */,
				308E7FDF1D2486E500AF225D /* thermo_icon.png in Resources */,
				308E7FDD1D2486E500AF225D /* tablets_icon.png in Resources */,
				300BF73C1D538E2D0038CDB2 /* thorax.png in Resources */,
				301826111D10ABAA00592CE9 /* oreille_icon.png in Resources */,
				302974791D4D9DA5006FF74D /* fractures métacarpe.png in Resources */,
				301825F81D0F005000592CE9 /* nurse_icon.png in Resources */,
				30905F8A1D29777B002F023D /* neuro_icon.png in Resources */,
				3018260F1D10ABAA00592CE9 /* medoc_icon.png in Resources */,
				300BF73E1D5608250038CDB2 /* cheville_ottawa.png in Resources */,
				301825F41D0EFFB400592CE9 /* administratif_icon.png in Resources */,
				301C08661D25877200E79763 /* scan.png in Resources */,
				30D0289C1D1AECD40050231C /* imagerie_icon.png in Resources */,
				301826151D10ABAA00592CE9 /* uro_icon.png in Resources */,
				308E7FE41D2486E500AF225D /* bouche_icon.png in Resources */,
				300BF73A1D5357B70038CDB2 /* pied.png in Resources */,
				306187201D4FDD280026A1A8 /* corps femme back.png in Resources */,
				30905F881D29777B002F023D /* cardio_icon.png in Resources */,
				301C08671D25877200E79763 /* laboratoire.png in Resources */,
				302974731D4AC8FA006FF74D /* mobilite_epaule.png in Resources */,
				301825F61D0EFFB400592CE9 /* tete_icon.png in Resources */,
				30D0289E1D1AECD40050231C /* stetho_icon.png in Resources */,
				301825FA1D0F009F00592CE9 /* os_icon.png in Resources */,
				308E7FE11D2486E500AF225D /* medecin_icon.png in Resources */,
				30905F891D29777B002F023D /* pneumo_icon.png in Resources */,
				30A1900C1D2974E6001690C1 /* medecin-icone.png in Resources */,
				308E7FE01D2486E500AF225D /* ambulance_icon.png in Resources */,
				30905F801D297736002F023D /* hommesymbol.png in Resources */,
				301825F51D0EFFB400592CE9 /* digestif_icon.png in Resources */,
				308E7FDE1D2486E500AF225D /* lit_icon.png in Resources */,
				30905F8B1D29777B002F023D /* femme.png in Resources */,
				30905F7F1D297736002F023D /* femmesymbol.png in Resources */,
				30F43EF21D077C3B005E3BEB /* LaunchScreen.storyboard in Resources */,
				301C08691D25877200E79763 /* tension.png in Resources */,
				30F43EEF1D077C3B005E3BEB /* Assets.xcassets in Resources */,
				301C08651D25877200E79763 /* examenclinique.png in Resources */,
				30F43EED1D077C3B005E3BEB /* Main.storyboard in Resources */,
				301826141D10ABAA00592CE9 /* gyneco_icon.png in Resources */,
				308E7FE51D2486E500AF225D /* oeil_icon.png in Resources */,
				30D0289D1D1AECD40050231C /* piqure_icon.png in Resources */,
			);
			runOnlyForDeploymentPostprocessing = 0;
		};
		30F43EF61D077C3B005E3BEB /* Resources */ = {
			isa = PBXResourcesBuildPhase;
			buildActionMask = 2147483647;
			files = (
			);
			runOnlyForDeploymentPostprocessing = 0;
		};
/* End PBXResourcesBuildPhase section */

/* Begin PBXShellScriptBuildPhase section */
		02763E2FE7C608916B520612 /* [CP] Copy Pods Resources */ = {
			isa = PBXShellScriptBuildPhase;
			buildActionMask = 2147483647;
			files = (
			);
			inputPaths = (
			);
			name = "[CP] Copy Pods Resources";
			outputPaths = (
			);
			runOnlyForDeploymentPostprocessing = 0;
			shellPath = /bin/sh;
			shellScript = "\"${SRCROOT}/Pods/Target Support Files/Pods-SaisieMedTests/Pods-SaisieMedTests-resources.sh\"\n";
			showEnvVarsInLog = 0;
		};
		308E7FC81D1D780100AF225D /* ShellScript */ = {
			isa = PBXShellScriptBuildPhase;
			buildActionMask = 2147483647;
			files = (
			);
			inputPaths = (
			);
			outputPaths = (
			);
			runOnlyForDeploymentPostprocessing = 0;
			shellPath = /bin/sh;
			shellScript = "TAGS=\"TODO:|FIXME:\"\nERRORTAG=\"ERROR:\"\nfind \"${SRCROOT}\" \\( -name \"*.h\" -or -name \"*.m\" -or -name \"*.swift\" \\) -print0 | xargs -0 egrep --with-filename --line-number --only-matching \"($TAGS).*\\$|($ERRORTAG).*\\$\" | perl -p -e \"s/($TAGS)/ warning: \\$1/\" | perl -p -e \"s/($ERRORTAG)/ error: \\$1/\"";
		};
		6850F691C29C4BBA82BDD94C /* [CP] Embed Pods Frameworks */ = {
			isa = PBXShellScriptBuildPhase;
			buildActionMask = 2147483647;
			files = (
			);
			inputPaths = (
			);
			name = "[CP] Embed Pods Frameworks";
			outputPaths = (
			);
			runOnlyForDeploymentPostprocessing = 0;
			shellPath = /bin/sh;
			shellScript = "\"${SRCROOT}/Pods/Target Support Files/Pods-SaisieMedTests/Pods-SaisieMedTests-frameworks.sh\"\n";
			showEnvVarsInLog = 0;
		};
		816A126E208C839DF24DCF11 /* [CP] Check Pods Manifest.lock */ = {
			isa = PBXShellScriptBuildPhase;
			buildActionMask = 2147483647;
			files = (
			);
			inputPaths = (
			);
			name = "[CP] Check Pods Manifest.lock";
			outputPaths = (
			);
			runOnlyForDeploymentPostprocessing = 0;
			shellPath = /bin/sh;
			shellScript = "diff \"${PODS_ROOT}/../Podfile.lock\" \"${PODS_ROOT}/Manifest.lock\" > /dev/null\nif [[ $? != 0 ]] ; then\n    cat << EOM\nerror: The sandbox is not in sync with the Podfile.lock. Run 'pod install' or update your CocoaPods installation.\nEOM\n    exit 1\nfi\n";
			showEnvVarsInLog = 0;
		};
		8E8AE7183F6413CC70BF4FA4 /* [CP] Copy Pods Resources */ = {
			isa = PBXShellScriptBuildPhase;
			buildActionMask = 2147483647;
			files = (
			);
			inputPaths = (
			);
			name = "[CP] Copy Pods Resources";
			outputPaths = (
			);
			runOnlyForDeploymentPostprocessing = 0;
			shellPath = /bin/sh;
			shellScript = "\"${SRCROOT}/Pods/Target Support Files/Pods-SaisieMed/Pods-SaisieMed-resources.sh\"\n";
			showEnvVarsInLog = 0;
		};
		A5F91A11ED1A6DEC083A5724 /* [CP] Embed Pods Frameworks */ = {
			isa = PBXShellScriptBuildPhase;
			buildActionMask = 2147483647;
			files = (
			);
			inputPaths = (
			);
			name = "[CP] Embed Pods Frameworks";
			outputPaths = (
			);
			runOnlyForDeploymentPostprocessing = 0;
			shellPath = /bin/sh;
			shellScript = "\"${SRCROOT}/Pods/Target Support Files/Pods-SaisieMed/Pods-SaisieMed-frameworks.sh\"\n";
			showEnvVarsInLog = 0;
		};
		E689F963881D503420B3B126 /* [CP] Check Pods Manifest.lock */ = {
			isa = PBXShellScriptBuildPhase;
			buildActionMask = 2147483647;
			files = (
			);
			inputPaths = (
			);
			name = "[CP] Check Pods Manifest.lock";
			outputPaths = (
			);
			runOnlyForDeploymentPostprocessing = 0;
			shellPath = /bin/sh;
			shellScript = "diff \"${PODS_ROOT}/../Podfile.lock\" \"${PODS_ROOT}/Manifest.lock\" > /dev/null\nif [[ $? != 0 ]] ; then\n    cat << EOM\nerror: The sandbox is not in sync with the Podfile.lock. Run 'pod install' or update your CocoaPods installation.\nEOM\n    exit 1\nfi\n";
			showEnvVarsInLog = 0;
		};
/* End PBXShellScriptBuildPhase section */

/* Begin PBXSourcesBuildPhase section */
		30F43EE01D077C3B005E3BEB /* Sources */ = {
			isa = PBXSourcesBuildPhase;
			buildActionMask = 2147483647;
			files = (
				301825FE1D0F06E000592CE9 /* reponsecourteTableViewCell.swift in Sources */,
				304B19F91D13F3490006DB4A /* selectionTableViewCell.swift in Sources */,
				30905F8E1D29788A002F023D /* dateDureeViewController.swift in Sources */,
				301826001D0F085700592CE9 /* examensTableViewController.swift in Sources */,
				308E7FD01D1EA26700AF225D /* selectNumberViewController.swift in Sources */,
				30DA347B1D48E93C009922A6 /* Image Mapped.swift in Sources */,
				30F43EE81D077C3B005E3BEB /* AppDelegate.swift in Sources */,
				30D0288F1D174F870050231C /* dataSave.swift in Sources */,
				308E7FCA1D1D924800AF225D /* ExamenTree.swift in Sources */,
				30D028911D18AA470050231C /* configurationViewController.swift in Sources */,
				3041E6851D3B8BBE00CD4B42 /* Digestif.swift in Sources */,
				30EFF0D41D3D8B3200358874 /* ExamenClinique.swift in Sources */,
				30D526791D281EBE0016A38B /* pickSelectTableViewCell.swift in Sources */,
				308E7FD21D1F5A2300AF225D /* SaisieNombreViewController.swift in Sources */,
				3015F3A51D36C90100A23BE0 /* filesTableViewController.swift in Sources */,
				301825FC1D0F057A00592CE9 /* questionOuiNonTableViewCell.swift in Sources */,
				3015F3A71D36C9D800A23BE0 /* imagefileTableViewCell.swift in Sources */,
				30D5267D1D29233B0016A38B /* pluginFormViewController.swift in Sources */,
				30D8527D1D33D1D600F2F850 /* ECG.swift in Sources */,
				308E7FCC1D1DA3F000AF225D /* AjoutInformationTableViewCell.swift in Sources */,
				30D8527B1D33D12200F2F850 /* Cardiologie.swift in Sources */,
				304B19FD1D14174C0006DB4A /* selectionTexteTableViewController.swift in Sources */,
				304B19FB1D1413540006DB4A /* Examen.swift in Sources */,
				30F43F0E1D0E26D6005E3BEB /* patientTableViewController.swift in Sources */,
				30F43F121D0E5090005E3BEB /* patientInfo.swift in Sources */,
				30F43F101D0E27FE005E3BEB /* patientTableViewCell.swift in Sources */,
				30F43F271D0ED1DC005E3BEB /* AjoutPatientViewController.swift in Sources */,
				30D852791D32943800F2F850 /* Neurologie.swift in Sources */,
				3015F3A91D36CB8C00A23BE0 /* patientFileTableViewCell.swift in Sources */,
				3041E67C1D3805A100CD4B42 /* pancarteViewController.swift in Sources */,
				304B19F41D10C3D30006DB4A /* examgroupTableViewCell.swift in Sources */,
				3041E6811D3A828300CD4B42 /* Documents.swift in Sources */,
				30F43F291D0EE751005E3BEB /* saisieTableViewController.swift in Sources */,
				301826051D10580000592CE9 /* rapportViewController.swift in Sources */,
				30D028931D195A9D0050231C /* MonthYearPickerView.swift in Sources */,
				30D028951D196E430050231C /* selectDateViewController.swift in Sources */,
				30987AB31D2BBB7D000B73F8 /* imageSelectTableViewCell.swift in Sources */,
				305ECBB61D47B3880019DBB7 /* imageDocumentTableViewCell.swift in Sources */,
				308E7FCE1D1E8F8E00AF225D /* Numbers.swift in Sources */,
				30EFF0D81D3E413A00358874 /* Paraclinique.swift in Sources */,
				303468E11D3D1B2D00FB10E4 /* Locomoteur.swift in Sources */,
				30F43F2B1D0EE789005E3BEB /* saisieTableViewCell.swift in Sources */,
				30F43F2D1D0EE938005E3BEB /* categorieExamen.swift in Sources */,
				304B19F71D13E0DD0006DB4A /* checkTableViewCell.swift in Sources */,
				305ECBB41D47819F0019DBB7 /* imageDocumentViewController.swift in Sources */,
			);
			runOnlyForDeploymentPostprocessing = 0;
		};
		30F43EF41D077C3B005E3BEB /* Sources */ = {
			isa = PBXSourcesBuildPhase;
			buildActionMask = 2147483647;
			files = (
				30F43EFD1D077C3B005E3BEB /* FoodTrackerTests.swift in Sources */,
			);
			runOnlyForDeploymentPostprocessing = 0;
		};
/* End PBXSourcesBuildPhase section */

/* Begin PBXTargetDependency section */
		30F43EFA1D077C3B005E3BEB /* PBXTargetDependency */ = {
			isa = PBXTargetDependency;
			target = 30F43EE31D077C3B005E3BEB /* SaisieMed */;
			targetProxy = 30F43EF91D077C3B005E3BEB /* PBXContainerItemProxy */;
		};
/* End PBXTargetDependency section */

/* Begin PBXVariantGroup section */
		30F43EEB1D077C3B005E3BEB /* Main.storyboard */ = {
			isa = PBXVariantGroup;
			children = (
				30F43EEC1D077C3B005E3BEB /* Base */,
				3041E67E1D3854E000CD4B42 /* fr */,
			);
			name = Main.storyboard;
			path = FoodTracker;
			sourceTree = "<group>";
		};
		30F43EF01D077C3B005E3BEB /* LaunchScreen.storyboard */ = {
			isa = PBXVariantGroup;
			children = (
				30F43EF11D077C3B005E3BEB /* Base */,
				3041E67F1D3854E000CD4B42 /* fr */,
			);
			name = LaunchScreen.storyboard;
			sourceTree = "<group>";
		};
/* End PBXVariantGroup section */

/* Begin XCBuildConfiguration section */
		30F43EFF1D077C3B005E3BEB /* Debug */ = {
			isa = XCBuildConfiguration;
			buildSettings = {
				ALWAYS_SEARCH_USER_PATHS = NO;
				CLANG_ANALYZER_NONNULL = YES;
				CLANG_CXX_LANGUAGE_STANDARD = "gnu++0x";
				CLANG_CXX_LIBRARY = "libc++";
				CLANG_ENABLE_MODULES = YES;
				CLANG_ENABLE_OBJC_ARC = YES;
				CLANG_WARN_BOOL_CONVERSION = YES;
				CLANG_WARN_CONSTANT_CONVERSION = YES;
				CLANG_WARN_DIRECT_OBJC_ISA_USAGE = YES_ERROR;
				CLANG_WARN_EMPTY_BODY = YES;
				CLANG_WARN_ENUM_CONVERSION = YES;
				CLANG_WARN_INT_CONVERSION = YES;
				CLANG_WARN_OBJC_ROOT_CLASS = YES_ERROR;
				CLANG_WARN_UNREACHABLE_CODE = YES;
				CLANG_WARN__DUPLICATE_METHOD_MATCH = YES;
				"CODE_SIGN_IDENTITY[sdk=iphoneos*]" = "iPhone Developer";
				COPY_PHASE_STRIP = NO;
				DEBUG_INFORMATION_FORMAT = dwarf;
				ENABLE_STRICT_OBJC_MSGSEND = YES;
				ENABLE_TESTABILITY = YES;
				GCC_C_LANGUAGE_STANDARD = gnu99;
				GCC_DYNAMIC_NO_PIC = NO;
				GCC_NO_COMMON_BLOCKS = YES;
				GCC_OPTIMIZATION_LEVEL = 0;
				GCC_PREPROCESSOR_DEFINITIONS = (
					"DEBUG=1",
					"$(inherited)",
				);
				GCC_WARN_64_TO_32_BIT_CONVERSION = YES;
				GCC_WARN_ABOUT_RETURN_TYPE = YES_ERROR;
				GCC_WARN_UNDECLARED_SELECTOR = YES;
				GCC_WARN_UNINITIALIZED_AUTOS = YES_AGGRESSIVE;
				GCC_WARN_UNUSED_FUNCTION = YES;
				GCC_WARN_UNUSED_VARIABLE = YES;
				IPHONEOS_DEPLOYMENT_TARGET = 9.3;
				MTL_ENABLE_DEBUG_INFO = YES;
				ONLY_ACTIVE_ARCH = YES;
				SDKROOT = iphoneos;
				SWIFT_OPTIMIZATION_LEVEL = "-Onone";
				TARGETED_DEVICE_FAMILY = "1,2";
			};
			name = Debug;
		};
		30F43F001D077C3B005E3BEB /* Release */ = {
			isa = XCBuildConfiguration;
			buildSettings = {
				ALWAYS_SEARCH_USER_PATHS = NO;
				CLANG_ANALYZER_NONNULL = YES;
				CLANG_CXX_LANGUAGE_STANDARD = "gnu++0x";
				CLANG_CXX_LIBRARY = "libc++";
				CLANG_ENABLE_MODULES = YES;
				CLANG_ENABLE_OBJC_ARC = YES;
				CLANG_WARN_BOOL_CONVERSION = YES;
				CLANG_WARN_CONSTANT_CONVERSION = YES;
				CLANG_WARN_DIRECT_OBJC_ISA_USAGE = YES_ERROR;
				CLANG_WARN_EMPTY_BODY = YES;
				CLANG_WARN_ENUM_CONVERSION = YES;
				CLANG_WARN_INT_CONVERSION = YES;
				CLANG_WARN_OBJC_ROOT_CLASS = YES_ERROR;
				CLANG_WARN_UNREACHABLE_CODE = YES;
				CLANG_WARN__DUPLICATE_METHOD_MATCH = YES;
				"CODE_SIGN_IDENTITY[sdk=iphoneos*]" = "iPhone Developer";
				COPY_PHASE_STRIP = NO;
				DEBUG_INFORMATION_FORMAT = "dwarf-with-dsym";
				ENABLE_NS_ASSERTIONS = NO;
				ENABLE_STRICT_OBJC_MSGSEND = YES;
				GCC_C_LANGUAGE_STANDARD = gnu99;
				GCC_NO_COMMON_BLOCKS = YES;
				GCC_WARN_64_TO_32_BIT_CONVERSION = YES;
				GCC_WARN_ABOUT_RETURN_TYPE = YES_ERROR;
				GCC_WARN_UNDECLARED_SELECTOR = YES;
				GCC_WARN_UNINITIALIZED_AUTOS = YES_AGGRESSIVE;
				GCC_WARN_UNUSED_FUNCTION = YES;
				GCC_WARN_UNUSED_VARIABLE = YES;
				IPHONEOS_DEPLOYMENT_TARGET = 9.3;
				MTL_ENABLE_DEBUG_INFO = NO;
				SDKROOT = iphoneos;
				TARGETED_DEVICE_FAMILY = "1,2";
				VALIDATE_PRODUCT = YES;
			};
			name = Release;
		};
		30F43F021D077C3B005E3BEB /* Debug */ = {
			isa = XCBuildConfiguration;
			baseConfigurationReference = 6A05D36507BB1C748BE5D487 /* Pods-SaisieMed.debug.xcconfig */;
			buildSettings = {
				ASSETCATALOG_COMPILER_APPICON_NAME = AppIcon;
				CODE_SIGN_IDENTITY = "iPhone Developer";
				"CODE_SIGN_IDENTITY[sdk=iphoneos*]" = "iPhone Developer";
				INFOPLIST_FILE = FoodTracker/Info.plist;
				LD_RUNPATH_SEARCH_PATHS = "$(inherited) @executable_path/Frameworks";
				PRODUCT_BUNDLE_IDENTIFIER = ricacaa.SaisieMed;
				PRODUCT_NAME = SaisieMed;
				PROVISIONING_PROFILE = "";
			};
			name = Debug;
		};
		30F43F031D077C3B005E3BEB /* Release */ = {
			isa = XCBuildConfiguration;
			baseConfigurationReference = 36C56C2C61E9CB515E6EEEB5 /* Pods-SaisieMed.release.xcconfig */;
			buildSettings = {
				ASSETCATALOG_COMPILER_APPICON_NAME = AppIcon;
				CODE_SIGN_IDENTITY = "iPhone Developer";
				"CODE_SIGN_IDENTITY[sdk=iphoneos*]" = "iPhone Developer";
				INFOPLIST_FILE = FoodTracker/Info.plist;
				LD_RUNPATH_SEARCH_PATHS = "$(inherited) @executable_path/Frameworks";
				PRODUCT_BUNDLE_IDENTIFIER = ricacaa.SaisieMed;
				PRODUCT_NAME = SaisieMed;
				PROVISIONING_PROFILE = "";
			};
			name = Release;
		};
		30F43F051D077C3B005E3BEB /* Debug */ = {
			isa = XCBuildConfiguration;
			baseConfigurationReference = F0D423A513FE1EE33BB86B6F /* Pods-SaisieMedTests.debug.xcconfig */;
			buildSettings = {
				BUNDLE_LOADER = "$(TEST_HOST)";
				INFOPLIST_FILE = FoodTrackerTests/Info.plist;
				LD_RUNPATH_SEARCH_PATHS = "$(inherited) @executable_path/Frameworks @loader_path/Frameworks";
				PRODUCT_BUNDLE_IDENTIFIER = com.example.FoodTrackerTests;
				PRODUCT_NAME = SaisieMed;
				TEST_HOST = "$(BUILT_PRODUCTS_DIR)/SaisieMed.app/SaisieMed";
			};
			name = Debug;
		};
		30F43F061D077C3B005E3BEB /* Release */ = {
			isa = XCBuildConfiguration;
			baseConfigurationReference = AA7263CC6F13639093ADCA4F /* Pods-SaisieMedTests.release.xcconfig */;
			buildSettings = {
				BUNDLE_LOADER = "$(TEST_HOST)";
				INFOPLIST_FILE = FoodTrackerTests/Info.plist;
				LD_RUNPATH_SEARCH_PATHS = "$(inherited) @executable_path/Frameworks @loader_path/Frameworks";
				PRODUCT_BUNDLE_IDENTIFIER = com.example.FoodTrackerTests;
				PRODUCT_NAME = SaisieMed;
				TEST_HOST = "$(BUILT_PRODUCTS_DIR)/SaisieMed.app/SaisieMed";
			};
			name = Release;
		};
/* End XCBuildConfiguration section */

/* Begin XCConfigurationList section */
		30F43EDF1D077C3B005E3BEB /* Build configuration list for PBXProject "SaisieMed" */ = {
			isa = XCConfigurationList;
			buildConfigurations = (
				30F43EFF1D077C3B005E3BEB /* Debug */,
				30F43F001D077C3B005E3BEB /* Release */,
			);
			defaultConfigurationIsVisible = 0;
			defaultConfigurationName = Release;
		};
		30F43F011D077C3B005E3BEB /* Build configuration list for PBXNativeTarget "SaisieMed" */ = {
			isa = XCConfigurationList;
			buildConfigurations = (
				30F43F021D077C3B005E3BEB /* Debug */,
				30F43F031D077C3B005E3BEB /* Release */,
			);
			defaultConfigurationIsVisible = 0;
			defaultConfigurationName = Release;
		};
		30F43F041D077C3B005E3BEB /* Build configuration list for PBXNativeTarget "SaisieMedTests" */ = {
			isa = XCConfigurationList;
			buildConfigurations = (
				30F43F051D077C3B005E3BEB /* Debug */,
				30F43F061D077C3B005E3BEB /* Release */,
			);
			defaultConfigurationIsVisible = 0;
			defaultConfigurationName = Release;
		};
/* End XCConfigurationList section */
	};
	rootObject = 30F43EDC1D077C3B005E3BEB /* Project object */;
}
